
Microsoft Visual Studio Solution File, Format Version 12.00
# Visual Studio Version 17
VisualStudioVersion = 17.14.36908.2
MinimumVisualStudioVersion = 10.0.40219.1
Project("{FAE04EC0-301F-11D3-BF4B-00C04F79EFBC}") = "Calculator.CSamu7", "Calculator.CSamu7.csproj", "{B7AA46A3-C946-4DE5-B828-F3E701834AB5}"
EndProject
Project("{FAE04EC0-301F-11D3-BF4B-00C04F79EFBC}") = "CalculatorLibrary", "..\CalculatorLibrary\CalculatorLibrary.csproj", "{B4FDD4CB-3742-4CA3-8881-8B04E568984F}"
EndProject
Global
	GlobalSection(SolutionConfigurationPlatforms) = preSolution
		Debug|Any CPU = Debug|Any CPU
		Release|Any CPU = Release|Any CPU
	EndGlobalSection
	GlobalSection(ProjectConfigurationPlatforms) = postSolution
		{B7AA46A3-C946-4DE5-B828-F3E701834AB5}.Debug|Any CPU.ActiveCfg = Debug|Any CPU
		{B7AA46A3-C946-4DE5-B828-F3E701834AB5}.Debug|Any CPU.Build.0 = Debug|Any CPU
		{B7AA46A3-C946-4DE5-B828-F3E701834AB5}.Release|Any CPU.ActiveCfg = Release|Any CPU
		{B7AA46A3-C946-4DE5-B828-F3E701834AB5}.Release|Any CPU.Build.0 = Release|Any CPU
		{B4FDD4CB-3742-4CA3-8881-8B04E568984F}.Debug|Any CPU.ActiveCfg = Debug|Any CPU
		{B4FDD4CB-3742-4CA3-8881-8B04E568984F}.Debug|Any CPU.Build.0 = Debug|Any CPU
		{B4FDD4CB-3742-4CA3-8881-8B04E568984F}.Release|Any CPU.ActiveCfg = Release|Any CPU
		{B4FDD4CB-3742-4CA3-8881-8B04E568984F}.Release|Any CPU.Build.0 = Release|Any CPU
	EndGlobalSection
	GlobalSection(SolutionProperties) = preSolution
		HideSolutionNode = FALSE
	EndGlobalSection
	GlobalSection(ExtensibilityGlobals) = postSolution
		SolutionGuid = {CB826E78-F7C2-417B-82F5-485FFC0E4294}
	EndGlobalSection
EndGlobal
